{
  "name": "appibase",
  "version": "0.0.1",
  "lockfileVersion": 1,
  "requires": true,
  "dependencies": {
    "js-cookies": {
      "version": "1.0.4",
      "resolved": "https://registry.npmjs.org/js-cookies/-/js-cookies-1.0.4.tgz",
      "integrity": "sha1-1G5XbEIP9tVULA9SttTvfWN+dU4="
    },
    "urijs": {
      "version": "1.19.10",
      "resolved": "https://registry.npmjs.org/urijs/-/urijs-1.19.10.tgz",
      "integrity": "sha512-EzauQlgKuJgsXOqoMrCiePBf4At5jVqRhXykF3Wfb8ZsOBMxPcfiVBcsHXug4Aepb/ICm2PIgqAUGMelgdrWEg=="
    }
  }
}
